// !$*UTF8*$!
{
	archiveVersion = 1;
	classes = {
	};
	objectVersion = 50;
	objects = {

/* Begin PBXBuildFile section */
		800E56852651B4F70045D1AD /* UIColor+Additions.swift in Sources */ = {isa = PBXBuildFile; fileRef = 800E56842651B4F70045D1AD /* UIColor+Additions.swift */; };
		800E56872651BB6E0045D1AD /* UIFont+Additions.swift in Sources */ = {isa = PBXBuildFile; fileRef = 800E56862651BB6E0045D1AD /* UIFont+Additions.swift */; };
		800E56B92651C7810045D1AD /* IntolerancesViewController.swift in Sources */ = {isa = PBXBuildFile; fileRef = 800E56B82651C7810045D1AD /* IntolerancesViewController.swift */; };
		800E56BC2651CA070045D1AD /* PrimaryButton.swift in Sources */ = {isa = PBXBuildFile; fileRef = 800E56BB2651CA070045D1AD /* PrimaryButton.swift */; };
		800E56BF265313430045D1AD /* ChipsSelectorView.swift in Sources */ = {isa = PBXBuildFile; fileRef = 800E56BE265313430045D1AD /* ChipsSelectorView.swift */; };
		800E56C12653134F0045D1AD /* ChipView.swift in Sources */ = {isa = PBXBuildFile; fileRef = 800E56C02653134F0045D1AD /* ChipView.swift */; };
		800E56C3265313560045D1AD /* ChipView.xib in Resources */ = {isa = PBXBuildFile; fileRef = 800E56C2265313560045D1AD /* ChipView.xib */; };
		800E56C62653F51E0045D1AD /* MainContainmentViewController.swift in Sources */ = {isa = PBXBuildFile; fileRef = 800E56C52653F51D0045D1AD /* MainContainmentViewController.swift */; };
		800E56C92653FD340045D1AD /* NetworkingManager.swift in Sources */ = {isa = PBXBuildFile; fileRef = 800E56C82653FD340045D1AD /* NetworkingManager.swift */; };
		800E56CB2653FD4A0045D1AD /* NetworkingHandler.swift in Sources */ = {isa = PBXBuildFile; fileRef = 800E56CA2653FD4A0045D1AD /* NetworkingHandler.swift */; };
		800E56CE2653FE830045D1AD /* NetworkingModels.swift in Sources */ = {isa = PBXBuildFile; fileRef = 800E56CD2653FE830045D1AD /* NetworkingModels.swift */; };
		800E56D1265480B70045D1AD /* SearchIngredientsViewController.swift in Sources */ = {isa = PBXBuildFile; fileRef = 800E56D0265480B70045D1AD /* SearchIngredientsViewController.swift */; };
		800E56D3265481110045D1AD /* SearchIngredientTableViewCell.swift in Sources */ = {isa = PBXBuildFile; fileRef = 800E56D2265481110045D1AD /* SearchIngredientTableViewCell.swift */; };
		800E56D52654812C0045D1AD /* StorageManager.swift in Sources */ = {isa = PBXBuildFile; fileRef = 800E56D42654812C0045D1AD /* StorageManager.swift */; };
		8060FA39264B125A00B4D8D7 /* AppDelegate.swift in Sources */ = {isa = PBXBuildFile; fileRef = 8060FA38264B125A00B4D8D7 /* AppDelegate.swift */; };
		8060FA3B264B125A00B4D8D7 /* SceneDelegate.swift in Sources */ = {isa = PBXBuildFile; fileRef = 8060FA3A264B125A00B4D8D7 /* SceneDelegate.swift */; };
		8060FA3D264B125A00B4D8D7 /* ViewController.swift in Sources */ = {isa = PBXBuildFile; fileRef = 8060FA3C264B125A00B4D8D7 /* ViewController.swift */; };
		8060FA40264B125A00B4D8D7 /* Main.storyboard in Resources */ = {isa = PBXBuildFile; fileRef = 8060FA3E264B125A00B4D8D7 /* Main.storyboard */; };
		8060FA42264B125D00B4D8D7 /* Assets.xcassets in Resources */ = {isa = PBXBuildFile; fileRef = 8060FA41264B125D00B4D8D7 /* Assets.xcassets */; };
		8060FA45264B125D00B4D8D7 /* LaunchScreen.storyboard in Resources */ = {isa = PBXBuildFile; fileRef = 8060FA43264B125D00B4D8D7 /* LaunchScreen.storyboard */; };
		86FFFE5926553CD800A96E72 /* PreferencesController.swift in Sources */ = {isa = PBXBuildFile; fileRef = 86FFFE5826553CD800A96E72 /* PreferencesController.swift */; };
		86FFFE5D26553E1E00A96E72 /* SavedRecipesController.swift in Sources */ = {isa = PBXBuildFile; fileRef = 86FFFE5C26553E1E00A96E72 /* SavedRecipesController.swift */; };
		86FFFE6126553F7600A96E72 /* SavedRecipeCell.swift in Sources */ = {isa = PBXBuildFile; fileRef = 86FFFE5F26553F7600A96E72 /* SavedRecipeCell.swift */; };
		86FFFE6226553F7600A96E72 /* SavedRecipeCell.xib in Resources */ = {isa = PBXBuildFile; fileRef = 86FFFE6026553F7600A96E72 /* SavedRecipeCell.xib */; };
		86FFFE6426553FB700A96E72 /* SavedRecipeModel.swift in Sources */ = {isa = PBXBuildFile; fileRef = 86FFFE6326553FB700A96E72 /* SavedRecipeModel.swift */; };
		86FFFE6B265540D600A96E72 /* FindRecipeCell.xib in Resources */ = {isa = PBXBuildFile; fileRef = 86FFFE69265540D600A96E72 /* FindRecipeCell.xib */; };
		86FFFE6C265540D600A96E72 /* FindRecipeCell.swift in Sources */ = {isa = PBXBuildFile; fileRef = 86FFFE6A265540D600A96E72 /* FindRecipeCell.swift */; };
		86FFFE6F26559F5500A96E72 /* FindRecipesController.swift in Sources */ = {isa = PBXBuildFile; fileRef = 86FFFE6E26559F5500A96E72 /* FindRecipesController.swift */; };
/* End PBXBuildFile section */

/* Begin PBXFileReference section */
		800E56842651B4F70045D1AD /* UIColor+Additions.swift */ = {isa = PBXFileReference; lastKnownFileType = sourcecode.swift; path = "UIColor+Additions.swift"; sourceTree = "<group>"; };
		800E56862651BB6E0045D1AD /* UIFont+Additions.swift */ = {isa = PBXFileReference; lastKnownFileType = sourcecode.swift; path = "UIFont+Additions.swift"; sourceTree = "<group>"; };
		800E56B82651C7810045D1AD /* IntolerancesViewController.swift */ = {isa = PBXFileReference; lastKnownFileType = sourcecode.swift; path = IntolerancesViewController.swift; sourceTree = "<group>"; };
		800E56BB2651CA070045D1AD /* PrimaryButton.swift */ = {isa = PBXFileReference; lastKnownFileType = sourcecode.swift; path = PrimaryButton.swift; sourceTree = "<group>"; };
		800E56BE265313430045D1AD /* ChipsSelectorView.swift */ = {isa = PBXFileReference; fileEncoding = 4; lastKnownFileType = sourcecode.swift; path = ChipsSelectorView.swift; sourceTree = "<group>"; };
		800E56C02653134F0045D1AD /* ChipView.swift */ = {isa = PBXFileReference; fileEncoding = 4; lastKnownFileType = sourcecode.swift; path = ChipView.swift; sourceTree = "<group>"; };
		800E56C2265313560045D1AD /* ChipView.xib */ = {isa = PBXFileReference; fileEncoding = 4; lastKnownFileType = file.xib; path = ChipView.xib; sourceTree = "<group>"; };
		800E56C52653F51D0045D1AD /* MainContainmentViewController.swift */ = {isa = PBXFileReference; fileEncoding = 4; lastKnownFileType = sourcecode.swift; path = MainContainmentViewController.swift; sourceTree = "<group>"; };
		800E56C82653FD340045D1AD /* NetworkingManager.swift */ = {isa = PBXFileReference; lastKnownFileType = sourcecode.swift; path = NetworkingManager.swift; sourceTree = "<group>"; };
		800E56CA2653FD4A0045D1AD /* NetworkingHandler.swift */ = {isa = PBXFileReference; lastKnownFileType = sourcecode.swift; path = NetworkingHandler.swift; sourceTree = "<group>"; };
		800E56CD2653FE830045D1AD /* NetworkingModels.swift */ = {isa = PBXFileReference; lastKnownFileType = sourcecode.swift; path = NetworkingModels.swift; sourceTree = "<group>"; };
		800E56D0265480B70045D1AD /* SearchIngredientsViewController.swift */ = {isa = PBXFileReference; fileEncoding = 4; lastKnownFileType = sourcecode.swift; path = SearchIngredientsViewController.swift; sourceTree = "<group>"; };
		800E56D2265481110045D1AD /* SearchIngredientTableViewCell.swift */ = {isa = PBXFileReference; fileEncoding = 4; lastKnownFileType = sourcecode.swift; path = SearchIngredientTableViewCell.swift; sourceTree = "<group>"; };
		800E56D42654812C0045D1AD /* StorageManager.swift */ = {isa = PBXFileReference; fileEncoding = 4; lastKnownFileType = sourcecode.swift; path = StorageManager.swift; sourceTree = "<group>"; };
		8060FA35264B125A00B4D8D7 /* Cookery.app */ = {isa = PBXFileReference; explicitFileType = wrapper.application; includeInIndex = 0; path = Cookery.app; sourceTree = BUILT_PRODUCTS_DIR; };
		8060FA38264B125A00B4D8D7 /* AppDelegate.swift */ = {isa = PBXFileReference; lastKnownFileType = sourcecode.swift; path = AppDelegate.swift; sourceTree = "<group>"; };
		8060FA3A264B125A00B4D8D7 /* SceneDelegate.swift */ = {isa = PBXFileReference; lastKnownFileType = sourcecode.swift; path = SceneDelegate.swift; sourceTree = "<group>"; };
		8060FA3C264B125A00B4D8D7 /* ViewController.swift */ = {isa = PBXFileReference; lastKnownFileType = sourcecode.swift; path = ViewController.swift; sourceTree = "<group>"; };
		8060FA3F264B125A00B4D8D7 /* Base */ = {isa = PBXFileReference; lastKnownFileType = file.storyboard; name = Base; path = Base.lproj/Main.storyboard; sourceTree = "<group>"; };
		8060FA41264B125D00B4D8D7 /* Assets.xcassets */ = {isa = PBXFileReference; lastKnownFileType = folder.assetcatalog; path = Assets.xcassets; sourceTree = "<group>"; };
		8060FA44264B125D00B4D8D7 /* Base */ = {isa = PBXFileReference; lastKnownFileType = file.storyboard; name = Base; path = Base.lproj/LaunchScreen.storyboard; sourceTree = "<group>"; };
		8060FA46264B125D00B4D8D7 /* Info.plist */ = {isa = PBXFileReference; lastKnownFileType = text.plist.xml; path = Info.plist; sourceTree = "<group>"; };
		86FFFE5826553CD800A96E72 /* PreferencesController.swift */ = {isa = PBXFileReference; lastKnownFileType = sourcecode.swift; path = PreferencesController.swift; sourceTree = "<group>"; };
		86FFFE5C26553E1E00A96E72 /* SavedRecipesController.swift */ = {isa = PBXFileReference; lastKnownFileType = sourcecode.swift; name = SavedRecipesController.swift; path = Cookery/SavedRecipesController.swift; sourceTree = SOURCE_ROOT; };
		86FFFE5F26553F7600A96E72 /* SavedRecipeCell.swift */ = {isa = PBXFileReference; fileEncoding = 4; lastKnownFileType = sourcecode.swift; name = SavedRecipeCell.swift; path = ../../../../../../temp/Views/SavedRecipeCell.swift; sourceTree = "<group>"; };
		86FFFE6026553F7600A96E72 /* SavedRecipeCell.xib */ = {isa = PBXFileReference; fileEncoding = 4; lastKnownFileType = file.xib; name = SavedRecipeCell.xib; path = ../../../../../../temp/Views/SavedRecipeCell.xib; sourceTree = "<group>"; };
		86FFFE6326553FB700A96E72 /* SavedRecipeModel.swift */ = {isa = PBXFileReference; fileEncoding = 4; lastKnownFileType = sourcecode.swift; name = SavedRecipeModel.swift; path = ../../../../../temp/Model/SavedRecipeModel.swift; sourceTree = "<group>"; };
		86FFFE69265540D600A96E72 /* FindRecipeCell.xib */ = {isa = PBXFileReference; fileEncoding = 4; lastKnownFileType = file.xib; name = FindRecipeCell.xib; path = ../../../../../../temp/Views/FindRecipeCell.xib; sourceTree = "<group>"; };
		86FFFE6A265540D600A96E72 /* FindRecipeCell.swift */ = {isa = PBXFileReference; fileEncoding = 4; lastKnownFileType = sourcecode.swift; name = FindRecipeCell.swift; path = ../../../../../../temp/Views/FindRecipeCell.swift; sourceTree = "<group>"; };
		86FFFE6E26559F5500A96E72 /* FindRecipesController.swift */ = {isa = PBXFileReference; lastKnownFileType = sourcecode.swift; path = FindRecipesController.swift; sourceTree = "<group>"; };
/* End PBXFileReference section */

/* Begin PBXFrameworksBuildPhase section */
		8060FA32264B125A00B4D8D7 /* Frameworks */ = {
			isa = PBXFrameworksBuildPhase;
			buildActionMask = 2147483647;
			files = (
			);
			runOnlyForDeploymentPostprocessing = 0;
		};
/* End PBXFrameworksBuildPhase section */

/* Begin PBXGroup section */
		800E56832651B4CA0045D1AD /* Utilities */ = {
			isa = PBXGroup;
			children = (
				800E56D42654812C0045D1AD /* StorageManager.swift */,
				800E56842651B4F70045D1AD /* UIColor+Additions.swift */,
				800E56862651BB6E0045D1AD /* UIFont+Additions.swift */,
			);
			path = Utilities;
			sourceTree = "<group>";
		};
		800E56882651C37E0045D1AD /* Intolerances */ = {
			isa = PBXGroup;
			children = (
				800E56B82651C7810045D1AD /* IntolerancesViewController.swift */,
			);
			path = Intolerances;
			sourceTree = "<group>";
		};
		800E56BA2651C9C80045D1AD /* Views */ = {
			isa = PBXGroup;
			children = (
				86FFFE68265540B500A96E72 /* SearchRecipe */,
				86FFFE5E26553F5900A96E72 /* SavedRecipe */,
				800E56C42653F4CC0045D1AD /* MainContainment */,
				800E56BD2653132A0045D1AD /* ChipSelectorView */,
				800E56BB2651CA070045D1AD /* PrimaryButton.swift */,
			);
			path = Views;
			sourceTree = "<group>";
		};
		800E56BD2653132A0045D1AD /* ChipSelectorView */ = {
			isa = PBXGroup;
			children = (
				800E56C2265313560045D1AD /* ChipView.xib */,
				800E56C02653134F0045D1AD /* ChipView.swift */,
				800E56BE265313430045D1AD /* ChipsSelectorView.swift */,
			);
			path = ChipSelectorView;
			sourceTree = "<group>";
		};
		800E56C42653F4CC0045D1AD /* MainContainment */ = {
			isa = PBXGroup;
			children = (
				800E56C52653F51D0045D1AD /* MainContainmentViewController.swift */,
			);
			path = MainContainment;
			sourceTree = "<group>";
		};
		800E56C72653FD1D0045D1AD /* Networking */ = {
			isa = PBXGroup;
			children = (
				800E56C82653FD340045D1AD /* NetworkingManager.swift */,
				800E56CA2653FD4A0045D1AD /* NetworkingHandler.swift */,
				800E56CD2653FE830045D1AD /* NetworkingModels.swift */,
			);
			path = Networking;
			sourceTree = "<group>";
		};
		800E56CF2654808A0045D1AD /* SearchIngredients */ = {
			isa = PBXGroup;
			children = (
				800E56D2265481110045D1AD /* SearchIngredientTableViewCell.swift */,
				800E56D0265480B70045D1AD /* SearchIngredientsViewController.swift */,
			);
			path = SearchIngredients;
			sourceTree = "<group>";
		};
		8060FA2C264B125A00B4D8D7 = {
			isa = PBXGroup;
			children = (
				8060FA37264B125A00B4D8D7 /* Cookery */,
				8060FA36264B125A00B4D8D7 /* Products */,
			);
			sourceTree = "<group>";
		};
		8060FA36264B125A00B4D8D7 /* Products */ = {
			isa = PBXGroup;
			children = (
				8060FA35264B125A00B4D8D7 /* Cookery.app */,
			);
			name = Products;
			sourceTree = "<group>";
		};
		8060FA37264B125A00B4D8D7 /* Cookery */ = {
			isa = PBXGroup;
			children = (
				86FFFE652655407000A96E72 /* SearchRecipes */,
				86FFFE5B26553E0800A96E72 /* SavedRecipes */,
				800E56CF2654808A0045D1AD /* SearchIngredients */,
				86FFFE5A26553D2400A96E72 /* Preferences */,
				800E56C72653FD1D0045D1AD /* Networking */,
				800E56BA2651C9C80045D1AD /* Views */,
				800E56882651C37E0045D1AD /* Intolerances */,
				800E56832651B4CA0045D1AD /* Utilities */,
				8060FA38264B125A00B4D8D7 /* AppDelegate.swift */,
				8060FA3A264B125A00B4D8D7 /* SceneDelegate.swift */,
				8060FA3C264B125A00B4D8D7 /* ViewController.swift */,
				8060FA3E264B125A00B4D8D7 /* Main.storyboard */,
				8060FA41264B125D00B4D8D7 /* Assets.xcassets */,
				8060FA43264B125D00B4D8D7 /* LaunchScreen.storyboard */,
				8060FA46264B125D00B4D8D7 /* Info.plist */,
			);
			path = Cookery;
			sourceTree = "<group>";
		};
		86FFFE5A26553D2400A96E72 /* Preferences */ = {
			isa = PBXGroup;
			children = (
				86FFFE5826553CD800A96E72 /* PreferencesController.swift */,
			);
			path = Preferences;
			sourceTree = "<group>";
		};
		86FFFE5B26553E0800A96E72 /* SavedRecipes */ = {
			isa = PBXGroup;
			children = (
				86FFFE6326553FB700A96E72 /* SavedRecipeModel.swift */,
				86FFFE5C26553E1E00A96E72 /* SavedRecipesController.swift */,
			);
			path = SavedRecipes;
			sourceTree = "<group>";
		};
		86FFFE5E26553F5900A96E72 /* SavedRecipe */ = {
			isa = PBXGroup;
			children = (
				86FFFE5F26553F7600A96E72 /* SavedRecipeCell.swift */,
				86FFFE6026553F7600A96E72 /* SavedRecipeCell.xib */,
			);
			path = SavedRecipe;
			sourceTree = "<group>";
		};
		86FFFE652655407000A96E72 /* SearchRecipes */ = {
			isa = PBXGroup;
			children = (
				86FFFE6E26559F5500A96E72 /* FindRecipesController.swift */,
			);
			path = SearchRecipes;
			sourceTree = "<group>";
		};
		86FFFE68265540B500A96E72 /* SearchRecipe */ = {
			isa = PBXGroup;
			children = (
				86FFFE6A265540D600A96E72 /* FindRecipeCell.swift */,
				86FFFE69265540D600A96E72 /* FindRecipeCell.xib */,
			);
			path = SearchRecipe;
			sourceTree = "<group>";
		};
/* End PBXGroup section */

/* Begin PBXNativeTarget section */
		8060FA34264B125A00B4D8D7 /* Cookery */ = {
			isa = PBXNativeTarget;
			buildConfigurationList = 8060FA49264B125D00B4D8D7 /* Build configuration list for PBXNativeTarget "Cookery" */;
			buildPhases = (
				8060FA31264B125A00B4D8D7 /* Sources */,
				8060FA32264B125A00B4D8D7 /* Frameworks */,
				8060FA33264B125A00B4D8D7 /* Resources */,
			);
			buildRules = (
			);
			dependencies = (
			);
			name = Cookery;
			productName = Cookery;
			productReference = 8060FA35264B125A00B4D8D7 /* Cookery.app */;
			productType = "com.apple.product-type.application";
		};
/* End PBXNativeTarget section */

/* Begin PBXProject section */
		8060FA2D264B125A00B4D8D7 /* Project object */ = {
			isa = PBXProject;
			attributes = {
				LastSwiftUpdateCheck = 1250;
				LastUpgradeCheck = 1250;
				TargetAttributes = {
					8060FA34264B125A00B4D8D7 = {
						CreatedOnToolsVersion = 12.5;
					};
				};
			};
			buildConfigurationList = 8060FA30264B125A00B4D8D7 /* Build configuration list for PBXProject "Cookery" */;
			compatibilityVersion = "Xcode 9.3";
			developmentRegion = en;
			hasScannedForEncodings = 0;
			knownRegions = (
				en,
				Base,
			);
			mainGroup = 8060FA2C264B125A00B4D8D7;
			productRefGroup = 8060FA36264B125A00B4D8D7 /* Products */;
			projectDirPath = "";
			projectRoot = "";
			targets = (
				8060FA34264B125A00B4D8D7 /* Cookery */,
			);
		};
/* End PBXProject section */

/* Begin PBXResourcesBuildPhase section */
		8060FA33264B125A00B4D8D7 /* Resources */ = {
			isa = PBXResourcesBuildPhase;
			buildActionMask = 2147483647;
			files = (
				86FFFE6B265540D600A96E72 /* FindRecipeCell.xib in Resources */,
				800E56C3265313560045D1AD /* ChipView.xib in Resources */,
				8060FA45264B125D00B4D8D7 /* LaunchScreen.storyboard in Resources */,
				8060FA42264B125D00B4D8D7 /* Assets.xcassets in Resources */,
				86FFFE6226553F7600A96E72 /* SavedRecipeCell.xib in Resources */,
				8060FA40264B125A00B4D8D7 /* Main.storyboard in Resources */,
			);
			runOnlyForDeploymentPostprocessing = 0;
		};
/* End PBXResourcesBuildPhase section */

/* Begin PBXSourcesBuildPhase section */
		8060FA31264B125A00B4D8D7 /* Sources */ = {
			isa = PBXSourcesBuildPhase;
			buildActionMask = 2147483647;
			files = (
				8060FA3D264B125A00B4D8D7 /* ViewController.swift in Sources */,
				86FFFE6126553F7600A96E72 /* SavedRecipeCell.swift in Sources */,
				800E56872651BB6E0045D1AD /* UIFont+Additions.swift in Sources */,
				800E56B92651C7810045D1AD /* IntolerancesViewController.swift in Sources */,
				86FFFE6F26559F5500A96E72 /* FindRecipesController.swift in Sources */,
				800E56852651B4F70045D1AD /* UIColor+Additions.swift in Sources */,
				800E56BC2651CA070045D1AD /* PrimaryButton.swift in Sources */,
				86FFFE6C265540D600A96E72 /* FindRecipeCell.swift in Sources */,
				86FFFE5926553CD800A96E72 /* PreferencesController.swift in Sources */,
				800E56D1265480B70045D1AD /* SearchIngredientsViewController.swift in Sources */,
				800E56C12653134F0045D1AD /* ChipView.swift in Sources */,
				800E56BF265313430045D1AD /* ChipsSelectorView.swift in Sources */,
				86FFFE5D26553E1E00A96E72 /* SavedRecipesController.swift in Sources */,
				800E56D3265481110045D1AD /* SearchIngredientTableViewCell.swift in Sources */,
				800E56C92653FD340045D1AD /* NetworkingManager.swift in Sources */,
				800E56CB2653FD4A0045D1AD /* NetworkingHandler.swift in Sources */,
				800E56CE2653FE830045D1AD /* NetworkingModels.swift in Sources */,
				8060FA39264B125A00B4D8D7 /* AppDelegate.swift in Sources */,
				800E56C62653F51E0045D1AD /* MainContainmentViewController.swift in Sources */,
				86FFFE6426553FB700A96E72 /* SavedRecipeModel.swift in Sources */,
				8060FA3B264B125A00B4D8D7 /* SceneDelegate.swift in Sources */,
				800E56D52654812C0045D1AD /* StorageManager.swift in Sources */,
			);
			runOnlyForDeploymentPostprocessing = 0;
		};
/* End PBXSourcesBuildPhase section */

/* Begin PBXVariantGroup section */
		8060FA3E264B125A00B4D8D7 /* Main.storyboard */ = {
			isa = PBXVariantGroup;
			children = (
				8060FA3F264B125A00B4D8D7 /* Base */,
			);
			name = Main.storyboard;
			sourceTree = "<group>";
		};
		8060FA43264B125D00B4D8D7 /* LaunchScreen.storyboard */ = {
			isa = PBXVariantGroup;
			children = (
				8060FA44264B125D00B4D8D7 /* Base */,
			);
			name = LaunchScreen.storyboard;
			sourceTree = "<group>";
		};
/* End PBXVariantGroup section */

/* Begin XCBuildConfiguration section */
		8060FA47264B125D00B4D8D7 /* Debug */ = {
			isa = XCBuildConfiguration;
			buildSettings = {
				ALWAYS_SEARCH_USER_PATHS = NO;
				CLANG_ANALYZER_NONNULL = YES;
				CLANG_ANALYZER_NUMBER_OBJECT_CONVERSION = YES_AGGRESSIVE;
				CLANG_CXX_LANGUAGE_STANDARD = "gnu++14";
				CLANG_CXX_LIBRARY = "libc++";
				CLANG_ENABLE_MODULES = YES;
				CLANG_ENABLE_OBJC_ARC = YES;
				CLANG_ENABLE_OBJC_WEAK = YES;
				CLANG_WARN_BLOCK_CAPTURE_AUTORELEASING = YES;
				CLANG_WARN_BOOL_CONVERSION = YES;
				CLANG_WARN_COMMA = YES;
				CLANG_WARN_CONSTANT_CONVERSION = YES;
				CLANG_WARN_DEPRECATED_OBJC_IMPLEMENTATIONS = YES;
				CLANG_WARN_DIRECT_OBJC_ISA_USAGE = YES_ERROR;
				CLANG_WARN_DOCUMENTATION_COMMENTS = YES;
				CLANG_WARN_EMPTY_BODY = YES;
				CLANG_WARN_ENUM_CONVERSION = YES;
				CLANG_WARN_INFINITE_RECURSION = YES;
				CLANG_WARN_INT_CONVERSION = YES;
				CLANG_WARN_NON_LITERAL_NULL_CONVERSION = YES;
				CLANG_WARN_OBJC_IMPLICIT_RETAIN_SELF = YES;
				CLANG_WARN_OBJC_LITERAL_CONVERSION = YES;
				CLANG_WARN_OBJC_ROOT_CLASS = YES_ERROR;
				CLANG_WARN_QUOTED_INCLUDE_IN_FRAMEWORK_HEADER = YES;
				CLANG_WARN_RANGE_LOOP_ANALYSIS = YES;
				CLANG_WARN_STRICT_PROTOTYPES = YES;
				CLANG_WARN_SUSPICIOUS_MOVE = YES;
				CLANG_WARN_UNGUARDED_AVAILABILITY = YES_AGGRESSIVE;
				CLANG_WARN_UNREACHABLE_CODE = YES;
				CLANG_WARN__DUPLICATE_METHOD_MATCH = YES;
				COPY_PHASE_STRIP = NO;
				DEBUG_INFORMATION_FORMAT = dwarf;
				ENABLE_STRICT_OBJC_MSGSEND = YES;
				ENABLE_TESTABILITY = YES;
				GCC_C_LANGUAGE_STANDARD = gnu11;
				GCC_DYNAMIC_NO_PIC = NO;
				GCC_NO_COMMON_BLOCKS = YES;
				GCC_OPTIMIZATION_LEVEL = 0;
				GCC_PREPROCESSOR_DEFINITIONS = (
					"DEBUG=1",
					"$(inherited)",
				);
				GCC_WARN_64_TO_32_BIT_CONVERSION = YES;
				GCC_WARN_ABOUT_RETURN_TYPE = YES_ERROR;
				GCC_WARN_UNDECLARED_SELECTOR = YES;
				GCC_WARN_UNINITIALIZED_AUTOS = YES_AGGRESSIVE;
				GCC_WARN_UNUSED_FUNCTION = YES;
				GCC_WARN_UNUSED_VARIABLE = YES;
				IPHONEOS_DEPLOYMENT_TARGET = 14.5;
				MTL_ENABLE_DEBUG_INFO = INCLUDE_SOURCE;
				MTL_FAST_MATH = YES;
				ONLY_ACTIVE_ARCH = YES;
				SDKROOT = iphoneos;
				SWIFT_ACTIVE_COMPILATION_CONDITIONS = DEBUG;
				SWIFT_OPTIMIZATION_LEVEL = "-Onone";
			};
			name = Debug;
		};
		8060FA48264B125D00B4D8D7 /* Release */ = {
			isa = XCBuildConfiguration;
			buildSettings = {
				ALWAYS_SEARCH_USER_PATHS = NO;
				CLANG_ANALYZER_NONNULL = YES;
				CLANG_ANALYZER_NUMBER_OBJECT_CONVERSION = YES_AGGRESSIVE;
				CLANG_CXX_LANGUAGE_STANDARD = "gnu++14";
				CLANG_CXX_LIBRARY = "libc++";
				CLANG_ENABLE_MODULES = YES;
				CLANG_ENABLE_OBJC_ARC = YES;
				CLANG_ENABLE_OBJC_WEAK = YES;
				CLANG_WARN_BLOCK_CAPTURE_AUTORELEASING = YES;
				CLANG_WARN_BOOL_CONVERSION = YES;
				CLANG_WARN_COMMA = YES;
				CLANG_WARN_CONSTANT_CONVERSION = YES;
				CLANG_WARN_DEPRECATED_OBJC_IMPLEMENTATIONS = YES;
				CLANG_WARN_DIRECT_OBJC_ISA_USAGE = YES_ERROR;
				CLANG_WARN_DOCUMENTATION_COMMENTS = YES;
				CLANG_WARN_EMPTY_BODY = YES;
				CLANG_WARN_ENUM_CONVERSION = YES;
				CLANG_WARN_INFINITE_RECURSION = YES;
				CLANG_WARN_INT_CONVERSION = YES;
				CLANG_WARN_NON_LITERAL_NULL_CONVERSION = YES;
				CLANG_WARN_OBJC_IMPLICIT_RETAIN_SELF = YES;
				CLANG_WARN_OBJC_LITERAL_CONVERSION = YES;
				CLANG_WARN_OBJC_ROOT_CLASS = YES_ERROR;
				CLANG_WARN_QUOTED_INCLUDE_IN_FRAMEWORK_HEADER = YES;
				CLANG_WARN_RANGE_LOOP_ANALYSIS = YES;
				CLANG_WARN_STRICT_PROTOTYPES = YES;
				CLANG_WARN_SUSPICIOUS_MOVE = YES;
				CLANG_WARN_UNGUARDED_AVAILABILITY = YES_AGGRESSIVE;
				CLANG_WARN_UNREACHABLE_CODE = YES;
				CLANG_WARN__DUPLICATE_METHOD_MATCH = YES;
				COPY_PHASE_STRIP = NO;
				DEBUG_INFORMATION_FORMAT = "dwarf-with-dsym";
				ENABLE_NS_ASSERTIONS = NO;
				ENABLE_STRICT_OBJC_MSGSEND = YES;
				GCC_C_LANGUAGE_STANDARD = gnu11;
				GCC_NO_COMMON_BLOCKS = YES;
				GCC_WARN_64_TO_32_BIT_CONVERSION = YES;
				GCC_WARN_ABOUT_RETURN_TYPE = YES_ERROR;
				GCC_WARN_UNDECLARED_SELECTOR = YES;
				GCC_WARN_UNINITIALIZED_AUTOS = YES_AGGRESSIVE;
				GCC_WARN_UNUSED_FUNCTION = YES;
				GCC_WARN_UNUSED_VARIABLE = YES;
				IPHONEOS_DEPLOYMENT_TARGET = 14.5;
				MTL_ENABLE_DEBUG_INFO = NO;
				MTL_FAST_MATH = YES;
				SDKROOT = iphoneos;
				SWIFT_COMPILATION_MODE = wholemodule;
				SWIFT_OPTIMIZATION_LEVEL = "-O";
				VALIDATE_PRODUCT = YES;
			};
			name = Release;
		};
		8060FA4A264B125D00B4D8D7 /* Debug */ = {
			isa = XCBuildConfiguration;
			buildSettings = {
				ASSETCATALOG_COMPILER_APPICON_NAME = AppIcon;
				ASSETCATALOG_COMPILER_GLOBAL_ACCENT_COLOR_NAME = AccentColor;
				CODE_SIGN_STYLE = Automatic;
				DEVELOPMENT_TEAM = M6SMSSUJS8;
				INFOPLIST_FILE = Cookery/Info.plist;
				LD_RUNPATH_SEARCH_PATHS = (
					"$(inherited)",
					"@executable_path/Frameworks",
				);
				PRODUCT_BUNDLE_IDENTIFIER = rosie.Cookery;
				PRODUCT_NAME = "$(TARGET_NAME)";
				SWIFT_VERSION = 5.0;
				TARGETED_DEVICE_FAMILY = "1,2";
			};
			name = Debug;
		};
		8060FA4B264B125D00B4D8D7 /* Release */ = {
			isa = XCBuildConfiguration;
			buildSettings = {
				ASSETCATALOG_COMPILER_APPICON_NAME = AppIcon;
				ASSETCATALOG_COMPILER_GLOBAL_ACCENT_COLOR_NAME = AccentColor;
				CODE_SIGN_STYLE = Automatic;
				DEVELOPMENT_TEAM = M6SMSSUJS8;
				INFOPLIST_FILE = Cookery/Info.plist;
				LD_RUNPATH_SEARCH_PATHS = (
					"$(inherited)",
					"@executable_path/Frameworks",
				);
				PRODUCT_BUNDLE_IDENTIFIER = rosie.Cookery;
				PRODUCT_NAME = "$(TARGET_NAME)";
				SWIFT_VERSION = 5.0;
				TARGETED_DEVICE_FAMILY = "1,2";
			};
			name = Release;
		};
/* End XCBuildConfiguration section */

/* Begin XCConfigurationList section */
		8060FA30264B125A00B4D8D7 /* Build configuration list for PBXProject "Cookery" */ = {
			isa = XCConfigurationList;
			buildConfigurations = (
				8060FA47264B125D00B4D8D7 /* Debug */,
				8060FA48264B125D00B4D8D7 /* Release */,
			);
			defaultConfigurationIsVisible = 0;
			defaultConfigurationName = Release;
		};
		8060FA49264B125D00B4D8D7 /* Build configuration list for PBXNativeTarget "Cookery" */ = {
			isa = XCConfigurationList;
			buildConfigurations = (
				8060FA4A264B125D00B4D8D7 /* Debug */,
				8060FA4B264B125D00B4D8D7 /* Release */,
			);
			defaultConfigurationIsVisible = 0;
			defaultConfigurationName = Release;
		};
/* End XCConfigurationList section */
	};
	rootObject = 8060FA2D264B125A00B4D8D7 /* Project object */;
}
